
Microsoft Visual Studio Solution File, Format Version 12.00
# Visual Studio Version 17
VisualStudioVersion = 17.0.31903.59
MinimumVisualStudioVersion = 10.0.40219.1
Project("{2150E333-8FDC-42A3-9474-1A3956D46DE8}") = "src", "src", "{8EFC91D1-C9F7-4A74-84FE-088136B3CBA1}"
EndProject
Project("{FAE04EC0-301F-11D3-BF4B-00C04F79EFBC}") = "TradePilot.Domain", "src\TradePilot.Domain\TradePilot.Domain.csproj", "{8D3AAC2D-0777-41F8-AE71-AC0D28B82AF1}"
EndProject
Project("{FAE04EC0-301F-11D3-BF4B-00C04F79EFBC}") = "TradePilot.Application", "src\TradePilot.Application\TradePilot.Application.csproj", "{1CC03E98-FF22-4388-96C1-5379D72CBB49}"
EndProject
Project("{FAE04EC0-301F-11D3-BF4B-00C04F79EFBC}") = "TradePilot.AI", "src\TradePilot.AI\TradePilot.AI.csproj", "{B3382AF1-1FAC-48BE-93B1-245EAB7AF6E4}"
EndProject
Project("{FAE04EC0-301F-11D3-BF4B-00C04F79EFBC}") = "TradePilot.Infrastructure", "src\TradePilot.Infrastructure\TradePilot.Infrastructure.csproj", "{755D27E0-9D59-43E3-8A8D-9DB3E88CB3B1}"
EndProject
Project("{FAE04EC0-301F-11D3-BF4B-00C04F79EFBC}") = "TradePilot.Persistence", "src\TradePilot.Persistence\TradePilot.Persistence.csproj", "{823B2417-CB89-4CB9-9987-8B38BB5CDB4E}"
EndProject
Project("{FAE04EC0-301F-11D3-BF4B-00C04F79EFBC}") = "TradePilot.Api", "src\TradePilot.Api\TradePilot.Api.csproj", "{6FC53062-A68E-48D5-A929-C2CF65532A2C}"
EndProject
Project("{FAE04EC0-301F-11D3-BF4B-00C04F79EFBC}") = "TradePilot.Worker", "src\TradePilot.Worker\TradePilot.Worker.csproj", "{20F6097A-FA5E-42C9-BCE5-11E91E0EFB57}"
EndProject
Project("{2150E333-8FDC-42A3-9474-1A3956D46DE8}") = "tests", "tests", "{267CC078-C992-4791-BACE-16A1B052B962}"
EndProject
Project("{FAE04EC0-301F-11D3-BF4B-00C04F79EFBC}") = "TradePilot.Domain.Tests", "tests\TradePilot.Domain.Tests\TradePilot.Domain.Tests.csproj", "{6E601B8D-FB58-4C7E-BE99-4FC19FB6CC5F}"
EndProject
Project("{FAE04EC0-301F-11D3-BF4B-00C04F79EFBC}") = "TradePilot.Application.Tests", "tests\TradePilot.Application.Tests\TradePilot.Application.Tests.csproj", "{2B37FCB2-56B4-4BAE-9161-E99C316355C7}"
EndProject
Project("{FAE04EC0-301F-11D3-BF4B-00C04F79EFBC}") = "TradePilot.AI.Tests", "tests\TradePilot.AI.Tests\TradePilot.AI.Tests.csproj", "{657B4CF8-C577-4F92-8E03-7A877B2FAF0C}"
EndProject
Project("{FAE04EC0-301F-11D3-BF4B-00C04F79EFBC}") = "TradePilot.Infrastructure.Tests", "tests\TradePilot.Infrastructure.Tests\TradePilot.Infrastructure.Tests.csproj", "{F2D52413-5291-484B-92A5-3134E299E7F7}"
EndProject
Project("{FAE04EC0-301F-11D3-BF4B-00C04F79EFBC}") = "TradePilot.Api.Tests", "tests\TradePilot.Api.Tests\TradePilot.Api.Tests.csproj", "{46B9AE23-AE0C-4B0B-BA50-96354B6ADDFD}"
EndProject
Project("{FAE04EC0-301F-11D3-BF4B-00C04F79EFBC}") = "TradePilot.Persistence.Tests", "tests\TradePilot.Persistence.Tests\TradePilot.Persistence.Tests.csproj", "{9857C903-1D60-4240-AD51-50DD94BAD279}"
EndProject
Project("{FAE04EC0-301F-11D3-BF4B-00C04F79EFBC}") = "TradePilot.Indicators", "src\TradePilot.Indicators\TradePilot.Indicators.csproj", "{2E2D56C5-9399-4969-9A0F-1B550B758C29}"
EndProject
Project("{FAE04EC0-301F-11D3-BF4B-00C04F79EFBC}") = "TradePilot.Indicators.Tests", "tests\TradePilot.Indicators.Tests\TradePilot.Indicators.Tests.csproj", "{DFBA3F46-A8E2-46EA-8637-3FD3C912B4F1}"
EndProject
Project("{FAE04EC0-301F-11D3-BF4B-00C04F79EFBC}") = "TradePilot.Worker.Tests", "tests\TradePilot.Worker.Tests\TradePilot.Worker.Tests.csproj", "{039E9E40-DE76-4D10-B28C-DB365D637833}"
EndProject
Global
	GlobalSection(SolutionConfigurationPlatforms) = preSolution
		Debug|Any CPU = Debug|Any CPU
		Debug|x64 = Debug|x64
		Debug|x86 = Debug|x86
		Release|Any CPU = Release|Any CPU
		Release|x64 = Release|x64
		Release|x86 = Release|x86
	EndGlobalSection
	GlobalSection(ProjectConfigurationPlatforms) = postSolution
		{8D3AAC2D-0777-41F8-AE71-AC0D28B82AF1}.Debug|Any CPU.ActiveCfg = Debug|Any CPU
		{8D3AAC2D-0777-41F8-AE71-AC0D28B82AF1}.Debug|Any CPU.Build.0 = Debug|Any CPU
		{8D3AAC2D-0777-41F8-AE71-AC0D28B82AF1}.Debug|x64.ActiveCfg = Debug|Any CPU
		{8D3AAC2D-0777-41F8-AE71-AC0D28B82AF1}.Debug|x64.Build.0 = Debug|Any CPU
		{8D3AAC2D-0777-41F8-AE71-AC0D28B82AF1}.Debug|x86.ActiveCfg = Debug|Any CPU
		{8D3AAC2D-0777-41F8-AE71-AC0D28B82AF1}.Debug|x86.Build.0 = Debug|Any CPU
		{8D3AAC2D-0777-41F8-AE71-AC0D28B82AF1}.Release|Any CPU.ActiveCfg = Release|Any CPU
		{8D3AAC2D-0777-41F8-AE71-AC0D28B82AF1}.Release|Any CPU.Build.0 = Release|Any CPU
		{8D3AAC2D-0777-41F8-AE71-AC0D28B82AF1}.Release|x64.ActiveCfg = Release|Any CPU
		{8D3AAC2D-0777-41F8-AE71-AC0D28B82AF1}.Release|x64.Build.0 = Release|Any CPU
		{8D3AAC2D-0777-41F8-AE71-AC0D28B82AF1}.Release|x86.ActiveCfg = Release|Any CPU
		{8D3AAC2D-0777-41F8-AE71-AC0D28B82AF1}.Release|x86.Build.0 = Release|Any CPU
		{1CC03E98-FF22-4388-96C1-5379D72CBB49}.Debug|Any CPU.ActiveCfg = Debug|Any CPU
		{1CC03E98-FF22-4388-96C1-5379D72CBB49}.Debug|Any CPU.Build.0 = Debug|Any CPU
		{1CC03E98-FF22-4388-96C1-5379D72CBB49}.Debug|x64.ActiveCfg = Debug|Any CPU
		{1CC03E98-FF22-4388-96C1-5379D72CBB49}.Debug|x64.Build.0 = Debug|Any CPU
		{1CC03E98-FF22-4388-96C1-5379D72CBB49}.Debug|x86.ActiveCfg = Debug|Any CPU
		{1CC03E98-FF22-4388-96C1-5379D72CBB49}.Debug|x86.Build.0 = Debug|Any CPU
		{1CC03E98-FF22-4388-96C1-5379D72CBB49}.Release|Any CPU.ActiveCfg = Release|Any CPU
		{1CC03E98-FF22-4388-96C1-5379D72CBB49}.Release|Any CPU.Build.0 = Release|Any CPU
		{1CC03E98-FF22-4388-96C1-5379D72CBB49}.Release|x64.ActiveCfg = Release|Any CPU
		{1CC03E98-FF22-4388-96C1-5379D72CBB49}.Release|x64.Build.0 = Release|Any CPU
		{1CC03E98-FF22-4388-96C1-5379D72CBB49}.Release|x86.ActiveCfg = Release|Any CPU
		{1CC03E98-FF22-4388-96C1-5379D72CBB49}.Release|x86.Build.0 = Release|Any CPU
		{B3382AF1-1FAC-48BE-93B1-245EAB7AF6E4}.Debug|Any CPU.ActiveCfg = Debug|Any CPU
		{B3382AF1-1FAC-48BE-93B1-245EAB7AF6E4}.Debug|Any CPU.Build.0 = Debug|Any CPU
		{B3382AF1-1FAC-48BE-93B1-245EAB7AF6E4}.Debug|x64.ActiveCfg = Debug|Any CPU
		{B3382AF1-1FAC-48BE-93B1-245EAB7AF6E4}.Debug|x64.Build.0 = Debug|Any CPU
		{B3382AF1-1FAC-48BE-93B1-245EAB7AF6E4}.Debug|x86.ActiveCfg = Debug|Any CPU
		{B3382AF1-1FAC-48BE-93B1-245EAB7AF6E4}.Debug|x86.Build.0 = Debug|Any CPU
		{B3382AF1-1FAC-48BE-93B1-245EAB7AF6E4}.Release|Any CPU.ActiveCfg = Release|Any CPU
		{B3382AF1-1FAC-48BE-93B1-245EAB7AF6E4}.Release|Any CPU.Build.0 = Release|Any CPU
		{B3382AF1-1FAC-48BE-93B1-245EAB7AF6E4}.Release|x64.ActiveCfg = Release|Any CPU
		{B3382AF1-1FAC-48BE-93B1-245EAB7AF6E4}.Release|x64.Build.0 = Release|Any CPU
		{B3382AF1-1FAC-48BE-93B1-245EAB7AF6E4}.Release|x86.ActiveCfg = Release|Any CPU
		{B3382AF1-1FAC-48BE-93B1-245EAB7AF6E4}.Release|x86.Build.0 = Release|Any CPU
		{755D27E0-9D59-43E3-8A8D-9DB3E88CB3B1}.Debug|Any CPU.ActiveCfg = Debug|Any CPU
		{755D27E0-9D59-43E3-8A8D-9DB3E88CB3B1}.Debug|Any CPU.Build.0 = Debug|Any CPU
		{755D27E0-9D59-43E3-8A8D-9DB3E88CB3B1}.Debug|x64.ActiveCfg = Debug|Any CPU
		{755D27E0-9D59-43E3-8A8D-9DB3E88CB3B1}.Debug|x64.Build.0 = Debug|Any CPU
		{755D27E0-9D59-43E3-8A8D-9DB3E88CB3B1}.Debug|x86.ActiveCfg = Debug|Any CPU
		{755D27E0-9D59-43E3-8A8D-9DB3E88CB3B1}.Debug|x86.Build.0 = Debug|Any CPU
		{755D27E0-9D59-43E3-8A8D-9DB3E88CB3B1}.Release|Any CPU.ActiveCfg = Release|Any CPU
		{755D27E0-9D59-43E3-8A8D-9DB3E88CB3B1}.Release|Any CPU.Build.0 = Release|Any CPU
		{755D27E0-9D59-43E3-8A8D-9DB3E88CB3B1}.Release|x64.ActiveCfg = Release|Any CPU
		{755D27E0-9D59-43E3-8A8D-9DB3E88CB3B1}.Release|x64.Build.0 = Release|Any CPU
		{755D27E0-9D59-43E3-8A8D-9DB3E88CB3B1}.Release|x86.ActiveCfg = Release|Any CPU
		{755D27E0-9D59-43E3-8A8D-9DB3E88CB3B1}.Release|x86.Build.0 = Release|Any CPU
		{823B2417-CB89-4CB9-9987-8B38BB5CDB4E}.Debug|Any CPU.ActiveCfg = Debug|Any CPU
		{823B2417-CB89-4CB9-9987-8B38BB5CDB4E}.Debug|Any CPU.Build.0 = Debug|Any CPU
		{823B2417-CB89-4CB9-9987-8B38BB5CDB4E}.Debug|x64.ActiveCfg = Debug|Any CPU
		{823B2417-CB89-4CB9-9987-8B38BB5CDB4E}.Debug|x64.Build.0 = Debug|Any CPU
		{823B2417-CB89-4CB9-9987-8B38BB5CDB4E}.Debug|x86.ActiveCfg = Debug|Any CPU
		{823B2417-CB89-4CB9-9987-8B38BB5CDB4E}.Debug|x86.Build.0 = Debug|Any CPU
		{823B2417-CB89-4CB9-9987-8B38BB5CDB4E}.Release|Any CPU.ActiveCfg = Release|Any CPU
		{823B2417-CB89-4CB9-9987-8B38BB5CDB4E}.Release|Any CPU.Build.0 = Release|Any CPU
		{823B2417-CB89-4CB9-9987-8B38BB5CDB4E}.Release|x64.ActiveCfg = Release|Any CPU
		{823B2417-CB89-4CB9-9987-8B38BB5CDB4E}.Release|x64.Build.0 = Release|Any CPU
		{823B2417-CB89-4CB9-9987-8B38BB5CDB4E}.Release|x86.ActiveCfg = Release|Any CPU
		{823B2417-CB89-4CB9-9987-8B38BB5CDB4E}.Release|x86.Build.0 = Release|Any CPU
		{6FC53062-A68E-48D5-A929-C2CF65532A2C}.Debug|Any CPU.ActiveCfg = Debug|Any CPU
		{6FC53062-A68E-48D5-A929-C2CF65532A2C}.Debug|Any CPU.Build.0 = Debug|Any CPU
		{6FC53062-A68E-48D5-A929-C2CF65532A2C}.Debug|x64.ActiveCfg = Debug|Any CPU
		{6FC53062-A68E-48D5-A929-C2CF65532A2C}.Debug|x64.Build.0 = Debug|Any CPU
		{6FC53062-A68E-48D5-A929-C2CF65532A2C}.Debug|x86.ActiveCfg = Debug|Any CPU
		{6FC53062-A68E-48D5-A929-C2CF65532A2C}.Debug|x86.Build.0 = Debug|Any CPU
		{6FC53062-A68E-48D5-A929-C2CF65532A2C}.Release|Any CPU.ActiveCfg = Release|Any CPU
		{6FC53062-A68E-48D5-A929-C2CF65532A2C}.Release|Any CPU.Build.0 = Release|Any CPU
		{6FC53062-A68E-48D5-A929-C2CF65532A2C}.Release|x64.ActiveCfg = Release|Any CPU
		{6FC53062-A68E-48D5-A929-C2CF65532A2C}.Release|x64.Build.0 = Release|Any CPU
		{6FC53062-A68E-48D5-A929-C2CF65532A2C}.Release|x86.ActiveCfg = Release|Any CPU
		{6FC53062-A68E-48D5-A929-C2CF65532A2C}.Release|x86.Build.0 = Release|Any CPU
		{20F6097A-FA5E-42C9-BCE5-11E91E0EFB57}.Debug|Any CPU.ActiveCfg = Debug|Any CPU
		{20F6097A-FA5E-42C9-BCE5-11E91E0EFB57}.Debug|Any CPU.Build.0 = Debug|Any CPU
		{20F6097A-FA5E-42C9-BCE5-11E91E0EFB57}.Debug|x64.ActiveCfg = Debug|Any CPU
		{20F6097A-FA5E-42C9-BCE5-11E91E0EFB57}.Debug|x64.Build.0 = Debug|Any CPU
		{20F6097A-FA5E-42C9-BCE5-11E91E0EFB57}.Debug|x86.ActiveCfg = Debug|Any CPU
		{20F6097A-FA5E-42C9-BCE5-11E91E0EFB57}.Debug|x86.Build.0 = Debug|Any CPU
		{20F6097A-FA5E-42C9-BCE5-11E91E0EFB57}.Release|Any CPU.ActiveCfg = Release|Any CPU
		{20F6097A-FA5E-42C9-BCE5-11E91E0EFB57}.Release|Any CPU.Build.0 = Release|Any CPU
		{20F6097A-FA5E-42C9-BCE5-11E91E0EFB57}.Release|x64.ActiveCfg = Release|Any CPU
		{20F6097A-FA5E-42C9-BCE5-11E91E0EFB57}.Release|x64.Build.0 = Release|Any CPU
		{20F6097A-FA5E-42C9-BCE5-11E91E0EFB57}.Release|x86.ActiveCfg = Release|Any CPU
		{20F6097A-FA5E-42C9-BCE5-11E91E0EFB57}.Release|x86.Build.0 = Release|Any CPU
		{6E601B8D-FB58-4C7E-BE99-4FC19FB6CC5F}.Debug|Any CPU.ActiveCfg = Debug|Any CPU
		{6E601B8D-FB58-4C7E-BE99-4FC19FB6CC5F}.Debug|Any CPU.Build.0 = Debug|Any CPU
		{6E601B8D-FB58-4C7E-BE99-4FC19FB6CC5F}.Debug|x64.ActiveCfg = Debug|Any CPU
		{6E601B8D-FB58-4C7E-BE99-4FC19FB6CC5F}.Debug|x64.Build.0 = Debug|Any CPU
		{6E601B8D-FB58-4C7E-BE99-4FC19FB6CC5F}.Debug|x86.ActiveCfg = Debug|Any CPU
		{6E601B8D-FB58-4C7E-BE99-4FC19FB6CC5F}.Debug|x86.Build.0 = Debug|Any CPU
		{6E601B8D-FB58-4C7E-BE99-4FC19FB6CC5F}.Release|Any CPU.ActiveCfg = Release|Any CPU
		{6E601B8D-FB58-4C7E-BE99-4FC19FB6CC5F}.Release|Any CPU.Build.0 = Release|Any CPU
		{6E601B8D-FB58-4C7E-BE99-4FC19FB6CC5F}.Release|x64.ActiveCfg = Release|Any CPU
		{6E601B8D-FB58-4C7E-BE99-4FC19FB6CC5F}.Release|x64.Build.0 = Release|Any CPU
		{6E601B8D-FB58-4C7E-BE99-4FC19FB6CC5F}.Release|x86.ActiveCfg = Release|Any CPU
		{6E601B8D-FB58-4C7E-BE99-4FC19FB6CC5F}.Release|x86.Build.0 = Release|Any CPU
		{2B37FCB2-56B4-4BAE-9161-E99C316355C7}.Debug|Any CPU.ActiveCfg = Debug|Any CPU
		{2B37FCB2-56B4-4BAE-9161-E99C316355C7}.Debug|Any CPU.Build.0 = Debug|Any CPU
		{2B37FCB2-56B4-4BAE-9161-E99C316355C7}.Debug|x64.ActiveCfg = Debug|Any CPU
		{2B37FCB2-56B4-4BAE-9161-E99C316355C7}.Debug|x64.Build.0 = Debug|Any CPU
		{2B37FCB2-56B4-4BAE-9161-E99C316355C7}.Debug|x86.ActiveCfg = Debug|Any CPU
		{2B37FCB2-56B4-4BAE-9161-E99C316355C7}.Debug|x86.Build.0 = Debug|Any CPU
		{2B37FCB2-56B4-4BAE-9161-E99C316355C7}.Release|Any CPU.ActiveCfg = Release|Any CPU
		{2B37FCB2-56B4-4BAE-9161-E99C316355C7}.Release|Any CPU.Build.0 = Release|Any CPU
		{2B37FCB2-56B4-4BAE-9161-E99C316355C7}.Release|x64.ActiveCfg = Release|Any CPU
		{2B37FCB2-56B4-4BAE-9161-E99C316355C7}.Release|x64.Build.0 = Release|Any CPU
		{2B37FCB2-56B4-4BAE-9161-E99C316355C7}.Release|x86.ActiveCfg = Release|Any CPU
		{2B37FCB2-56B4-4BAE-9161-E99C316355C7}.Release|x86.Build.0 = Release|Any CPU
		{657B4CF8-C577-4F92-8E03-7A877B2FAF0C}.Debug|Any CPU.ActiveCfg = Debug|Any CPU
		{657B4CF8-C577-4F92-8E03-7A877B2FAF0C}.Debug|Any CPU.Build.0 = Debug|Any CPU
		{657B4CF8-C577-4F92-8E03-7A877B2FAF0C}.Debug|x64.ActiveCfg = Debug|Any CPU
		{657B4CF8-C577-4F92-8E03-7A877B2FAF0C}.Debug|x64.Build.0 = Debug|Any CPU
		{657B4CF8-C577-4F92-8E03-7A877B2FAF0C}.Debug|x86.ActiveCfg = Debug|Any CPU
		{657B4CF8-C577-4F92-8E03-7A877B2FAF0C}.Debug|x86.Build.0 = Debug|Any CPU
		{657B4CF8-C577-4F92-8E03-7A877B2FAF0C}.Release|Any CPU.ActiveCfg = Release|Any CPU
		{657B4CF8-C577-4F92-8E03-7A877B2FAF0C}.Release|Any CPU.Build.0 = Release|Any CPU
		{657B4CF8-C577-4F92-8E03-7A877B2FAF0C}.Release|x64.ActiveCfg = Release|Any CPU
		{657B4CF8-C577-4F92-8E03-7A877B2FAF0C}.Release|x64.Build.0 = Release|Any CPU
		{657B4CF8-C577-4F92-8E03-7A877B2FAF0C}.Release|x86.ActiveCfg = Release|Any CPU
		{657B4CF8-C577-4F92-8E03-7A877B2FAF0C}.Release|x86.Build.0 = Release|Any CPU
		{F2D52413-5291-484B-92A5-3134E299E7F7}.Debug|Any CPU.ActiveCfg = Debug|Any CPU
		{F2D52413-5291-484B-92A5-3134E299E7F7}.Debug|Any CPU.Build.0 = Debug|Any CPU
		{F2D52413-5291-484B-92A5-3134E299E7F7}.Debug|x64.ActiveCfg = Debug|Any CPU
		{F2D52413-5291-484B-92A5-3134E299E7F7}.Debug|x64.Build.0 = Debug|Any CPU
		{F2D52413-5291-484B-92A5-3134E299E7F7}.Debug|x86.ActiveCfg = Debug|Any CPU
		{F2D52413-5291-484B-92A5-3134E299E7F7}.Debug|x86.Build.0 = Debug|Any CPU
		{F2D52413-5291-484B-92A5-3134E299E7F7}.Release|Any CPU.ActiveCfg = Release|Any CPU
		{F2D52413-5291-484B-92A5-3134E299E7F7}.Release|Any CPU.Build.0 = Release|Any CPU
		{F2D52413-5291-484B-92A5-3134E299E7F7}.Release|x64.ActiveCfg = Release|Any CPU
		{F2D52413-5291-484B-92A5-3134E299E7F7}.Release|x64.Build.0 = Release|Any CPU
		{F2D52413-5291-484B-92A5-3134E299E7F7}.Release|x86.ActiveCfg = Release|Any CPU
		{F2D52413-5291-484B-92A5-3134E299E7F7}.Release|x86.Build.0 = Release|Any CPU
		{46B9AE23-AE0C-4B0B-BA50-96354B6ADDFD}.Debug|Any CPU.ActiveCfg = Debug|Any CPU
		{46B9AE23-AE0C-4B0B-BA50-96354B6ADDFD}.Debug|Any CPU.Build.0 = Debug|Any CPU
		{46B9AE23-AE0C-4B0B-BA50-96354B6ADDFD}.Debug|x64.ActiveCfg = Debug|Any CPU
		{46B9AE23-AE0C-4B0B-BA50-96354B6ADDFD}.Debug|x64.Build.0 = Debug|Any CPU
		{46B9AE23-AE0C-4B0B-BA50-96354B6ADDFD}.Debug|x86.ActiveCfg = Debug|Any CPU
		{46B9AE23-AE0C-4B0B-BA50-96354B6ADDFD}.Debug|x86.Build.0 = Debug|Any CPU
		{46B9AE23-AE0C-4B0B-BA50-96354B6ADDFD}.Release|Any CPU.ActiveCfg = Release|Any CPU
		{46B9AE23-AE0C-4B0B-BA50-96354B6ADDFD}.Release|Any CPU.Build.0 = Release|Any CPU
		{46B9AE23-AE0C-4B0B-BA50-96354B6ADDFD}.Release|x64.ActiveCfg = Release|Any CPU
		{46B9AE23-AE0C-4B0B-BA50-96354B6ADDFD}.Release|x64.Build.0 = Release|Any CPU
		{46B9AE23-AE0C-4B0B-BA50-96354B6ADDFD}.Release|x86.ActiveCfg = Release|Any CPU
		{46B9AE23-AE0C-4B0B-BA50-96354B6ADDFD}.Release|x86.Build.0 = Release|Any CPU
		{9857C903-1D60-4240-AD51-50DD94BAD279}.Debug|Any CPU.ActiveCfg = Debug|Any CPU
		{9857C903-1D60-4240-AD51-50DD94BAD279}.Debug|Any CPU.Build.0 = Debug|Any CPU
		{9857C903-1D60-4240-AD51-50DD94BAD279}.Debug|x64.ActiveCfg = Debug|Any CPU
		{9857C903-1D60-4240-AD51-50DD94BAD279}.Debug|x64.Build.0 = Debug|Any CPU
		{9857C903-1D60-4240-AD51-50DD94BAD279}.Debug|x86.ActiveCfg = Debug|Any CPU
		{9857C903-1D60-4240-AD51-50DD94BAD279}.Debug|x86.Build.0 = Debug|Any CPU
		{9857C903-1D60-4240-AD51-50DD94BAD279}.Release|Any CPU.ActiveCfg = Release|Any CPU
		{9857C903-1D60-4240-AD51-50DD94BAD279}.Release|Any CPU.Build.0 = Release|Any CPU
		{9857C903-1D60-4240-AD51-50DD94BAD279}.Release|x64.ActiveCfg = Release|Any CPU
		{9857C903-1D60-4240-AD51-50DD94BAD279}.Release|x64.Build.0 = Release|Any CPU
		{9857C903-1D60-4240-AD51-50DD94BAD279}.Release|x86.ActiveCfg = Release|Any CPU
		{9857C903-1D60-4240-AD51-50DD94BAD279}.Release|x86.Build.0 = Release|Any CPU
		{2E2D56C5-9399-4969-9A0F-1B550B758C29}.Debug|Any CPU.ActiveCfg = Debug|Any CPU
		{2E2D56C5-9399-4969-9A0F-1B550B758C29}.Debug|Any CPU.Build.0 = Debug|Any CPU
		{2E2D56C5-9399-4969-9A0F-1B550B758C29}.Debug|x64.ActiveCfg = Debug|Any CPU
		{2E2D56C5-9399-4969-9A0F-1B550B758C29}.Debug|x64.Build.0 = Debug|Any CPU
		{2E2D56C5-9399-4969-9A0F-1B550B758C29}.Debug|x86.ActiveCfg = Debug|Any CPU
		{2E2D56C5-9399-4969-9A0F-1B550B758C29}.Debug|x86.Build.0 = Debug|Any CPU
		{2E2D56C5-9399-4969-9A0F-1B550B758C29}.Release|Any CPU.ActiveCfg = Release|Any CPU
		{2E2D56C5-9399-4969-9A0F-1B550B758C29}.Release|Any CPU.Build.0 = Release|Any CPU
		{2E2D56C5-9399-4969-9A0F-1B550B758C29}.Release|x64.ActiveCfg = Release|Any CPU
		{2E2D56C5-9399-4969-9A0F-1B550B758C29}.Release|x64.Build.0 = Release|Any CPU
		{2E2D56C5-9399-4969-9A0F-1B550B758C29}.Release|x86.ActiveCfg = Release|Any CPU
		{2E2D56C5-9399-4969-9A0F-1B550B758C29}.Release|x86.Build.0 = Release|Any CPU
		{DFBA3F46-A8E2-46EA-8637-3FD3C912B4F1}.Debug|Any CPU.ActiveCfg = Debug|Any CPU
		{DFBA3F46-A8E2-46EA-8637-3FD3C912B4F1}.Debug|Any CPU.Build.0 = Debug|Any CPU
		{DFBA3F46-A8E2-46EA-8637-3FD3C912B4F1}.Debug|x64.ActiveCfg = Debug|Any CPU
		{DFBA3F46-A8E2-46EA-8637-3FD3C912B4F1}.Debug|x64.Build.0 = Debug|Any CPU
		{DFBA3F46-A8E2-46EA-8637-3FD3C912B4F1}.Debug|x86.ActiveCfg = Debug|Any CPU
		{DFBA3F46-A8E2-46EA-8637-3FD3C912B4F1}.Debug|x86.Build.0 = Debug|Any CPU
		{DFBA3F46-A8E2-46EA-8637-3FD3C912B4F1}.Release|Any CPU.ActiveCfg = Release|Any CPU
		{DFBA3F46-A8E2-46EA-8637-3FD3C912B4F1}.Release|Any CPU.Build.0 = Release|Any CPU
		{DFBA3F46-A8E2-46EA-8637-3FD3C912B4F1}.Release|x64.ActiveCfg = Release|Any CPU
		{DFBA3F46-A8E2-46EA-8637-3FD3C912B4F1}.Release|x64.Build.0 = Release|Any CPU
		{DFBA3F46-A8E2-46EA-8637-3FD3C912B4F1}.Release|x86.ActiveCfg = Release|Any CPU
		{DFBA3F46-A8E2-46EA-8637-3FD3C912B4F1}.Release|x86.Build.0 = Release|Any CPU
		{039E9E40-DE76-4D10-B28C-DB365D637833}.Debug|Any CPU.ActiveCfg = Debug|Any CPU
		{039E9E40-DE76-4D10-B28C-DB365D637833}.Debug|Any CPU.Build.0 = Debug|Any CPU
		{039E9E40-DE76-4D10-B28C-DB365D637833}.Debug|x64.ActiveCfg = Debug|Any CPU
		{039E9E40-DE76-4D10-B28C-DB365D637833}.Debug|x64.Build.0 = Debug|Any CPU
		{039E9E40-DE76-4D10-B28C-DB365D637833}.Debug|x86.ActiveCfg = Debug|Any CPU
		{039E9E40-DE76-4D10-B28C-DB365D637833}.Debug|x86.Build.0 = Debug|Any CPU
		{039E9E40-DE76-4D10-B28C-DB365D637833}.Release|Any CPU.ActiveCfg = Release|Any CPU
		{039E9E40-DE76-4D10-B28C-DB365D637833}.Release|Any CPU.Build.0 = Release|Any CPU
		{039E9E40-DE76-4D10-B28C-DB365D637833}.Release|x64.ActiveCfg = Release|Any CPU
		{039E9E40-DE76-4D10-B28C-DB365D637833}.Release|x64.Build.0 = Release|Any CPU
		{039E9E40-DE76-4D10-B28C-DB365D637833}.Release|x86.ActiveCfg = Release|Any CPU
		{039E9E40-DE76-4D10-B28C-DB365D637833}.Release|x86.Build.0 = Release|Any CPU
	EndGlobalSection
	GlobalSection(SolutionProperties) = preSolution
		HideSolutionNode = FALSE
	EndGlobalSection
	GlobalSection(NestedProjects) = preSolution
		{8D3AAC2D-0777-41F8-AE71-AC0D28B82AF1} = {8EFC91D1-C9F7-4A74-84FE-088136B3CBA1}
		{1CC03E98-FF22-4388-96C1-5379D72CBB49} = {8EFC91D1-C9F7-4A74-84FE-088136B3CBA1}
		{B3382AF1-1FAC-48BE-93B1-245EAB7AF6E4} = {8EFC91D1-C9F7-4A74-84FE-088136B3CBA1}
		{755D27E0-9D59-43E3-8A8D-9DB3E88CB3B1} = {8EFC91D1-C9F7-4A74-84FE-088136B3CBA1}
		{823B2417-CB89-4CB9-9987-8B38BB5CDB4E} = {8EFC91D1-C9F7-4A74-84FE-088136B3CBA1}
		{6FC53062-A68E-48D5-A929-C2CF65532A2C} = {8EFC91D1-C9F7-4A74-84FE-088136B3CBA1}
		{20F6097A-FA5E-42C9-BCE5-11E91E0EFB57} = {8EFC91D1-C9F7-4A74-84FE-088136B3CBA1}
		{6E601B8D-FB58-4C7E-BE99-4FC19FB6CC5F} = {267CC078-C992-4791-BACE-16A1B052B962}
		{2B37FCB2-56B4-4BAE-9161-E99C316355C7} = {267CC078-C992-4791-BACE-16A1B052B962}
		{657B4CF8-C577-4F92-8E03-7A877B2FAF0C} = {267CC078-C992-4791-BACE-16A1B052B962}
		{F2D52413-5291-484B-92A5-3134E299E7F7} = {267CC078-C992-4791-BACE-16A1B052B962}
		{46B9AE23-AE0C-4B0B-BA50-96354B6ADDFD} = {267CC078-C992-4791-BACE-16A1B052B962}
		{9857C903-1D60-4240-AD51-50DD94BAD279} = {267CC078-C992-4791-BACE-16A1B052B962}
		{2E2D56C5-9399-4969-9A0F-1B550B758C29} = {8EFC91D1-C9F7-4A74-84FE-088136B3CBA1}
		{DFBA3F46-A8E2-46EA-8637-3FD3C912B4F1} = {267CC078-C992-4791-BACE-16A1B052B962}
		{039E9E40-DE76-4D10-B28C-DB365D637833} = {267CC078-C992-4791-BACE-16A1B052B962}
	EndGlobalSection
EndGlobal
